
Microsoft Visual Studio Solution File, Format Version 12.00
# Visual Studio Version 17
VisualStudioVersion = 17.1.32421.90
MinimumVisualStudioVersion = 10.0.40219.1
Project("{FAE04EC0-301F-11D3-BF4B-00C04F79EFBC}") = "RecetasSimulacro", "RecetasSimulacro.csproj", "{0E38AEEA-0728-4BA2-A8F6-4F00EA8BED77}"
EndProject
Global
	GlobalSection(SolutionConfigurationPlatforms) = preSolution
		Debug|Any CPU = Debug|Any CPU
		Release|Any CPU = Release|Any CPU
	EndGlobalSection
	GlobalSection(ProjectConfigurationPlatforms) = postSolution
		{0E38AEEA-0728-4BA2-A8F6-4F00EA8BED77}.Debug|Any CPU.ActiveCfg = Debug|Any CPU
		{0E38AEEA-0728-4BA2-A8F6-4F00EA8BED77}.Debug|Any CPU.Build.0 = Debug|Any CPU
		{0E38AEEA-0728-4BA2-A8F6-4F00EA8BED77}.Release|Any CPU.ActiveCfg = Release|Any CPU
		{0E38AEEA-0728-4BA2-A8F6-4F00EA8BED77}.Release|Any CPU.Build.0 = Release|Any CPU
	EndGlobalSection
	GlobalSection(SolutionProperties) = preSolution
		HideSolutionNode = FALSE
	EndGlobalSection
	GlobalSection(ExtensibilityGlobals) = postSolution
		SolutionGuid = {70F3DBCE-1D2F-48C3-8E94-08BAFCD88F68}
	EndGlobalSection
EndGlobal
